// !$*UTF8*$!
{
	archiveVersion = 1;
	classes = {
	};
	objectVersion = 77;
	objects = {

/* Begin PBXBuildFile section */
		047393D82E1658C900E66C37 /* Poppins-Black.ttf in Resources */ = {isa = PBXBuildFile; fileRef = 047393C62E1658C900E66C37 /* Poppins-Black.ttf */; };
		047393D92E1658C900E66C37 /* Poppins-LightItalic.ttf in Resources */ = {isa = PBXBuildFile; fileRef = 047393D02E1658C900E66C37 /* Poppins-LightItalic.ttf */; };
		047393DA2E1658C900E66C37 /* Poppins-ExtraBoldItalic.ttf in Resources */ = {isa = PBXBuildFile; fileRef = 047393CB2E1658C900E66C37 /* Poppins-ExtraBoldItalic.ttf */; };
		047393DB2E1658C900E66C37 /* Poppins-ExtraBold.ttf in Resources */ = {isa = PBXBuildFile; fileRef = 047393CA2E1658C900E66C37 /* Poppins-ExtraBold.ttf */; };
		047393DC2E1658C900E66C37 /* Poppins-BlackItalic.ttf in Resources */ = {isa = PBXBuildFile; fileRef = 047393C72E1658C900E66C37 /* Poppins-BlackItalic.ttf */; };
		047393DD2E1658C900E66C37 /* Poppins-ExtraLight.ttf in Resources */ = {isa = PBXBuildFile; fileRef = 047393CC2E1658C900E66C37 /* Poppins-ExtraLight.ttf */; };
		047393DE2E1658C900E66C37 /* Poppins-SemiBoldItalic.ttf in Resources */ = {isa = PBXBuildFile; fileRef = 047393D52E1658C900E66C37 /* Poppins-SemiBoldItalic.ttf */; };
		047393DF2E1658C900E66C37 /* Poppins-ExtraLightItalic.ttf in Resources */ = {isa = PBXBuildFile; fileRef = 047393CD2E1658C900E66C37 /* Poppins-ExtraLightItalic.ttf */; };
		047393E02E1658C900E66C37 /* Poppins-Medium.ttf in Resources */ = {isa = PBXBuildFile; fileRef = 047393D12E1658C900E66C37 /* Poppins-Medium.ttf */; };
		047393E12E1658C900E66C37 /* Poppins-MediumItalic.ttf in Resources */ = {isa = PBXBuildFile; fileRef = 047393D22E1658C900E66C37 /* Poppins-MediumItalic.ttf */; };
		047393E22E1658C900E66C37 /* Poppins-SemiBold.ttf in Resources */ = {isa = PBXBuildFile; fileRef = 047393D42E1658C900E66C37 /* Poppins-SemiBold.ttf */; };
		047393E32E1658C900E66C37 /* Poppins-Thin.ttf in Resources */ = {isa = PBXBuildFile; fileRef = 047393D62E1658C900E66C37 /* Poppins-Thin.ttf */; };
		047393E42E1658C900E66C37 /* Poppins-ThinItalic.ttf in Resources */ = {isa = PBXBuildFile; fileRef = 047393D72E1658C900E66C37 /* Poppins-ThinItalic.ttf */; };
		047393E52E1658C900E66C37 /* Poppins-Bold.ttf in Resources */ = {isa = PBXBuildFile; fileRef = 047393C82E1658C900E66C37 /* Poppins-Bold.ttf */; };
		047393E62E1658C900E66C37 /* Poppins-BoldItalic.ttf in Resources */ = {isa = PBXBuildFile; fileRef = 047393C92E1658C900E66C37 /* Poppins-BoldItalic.ttf */; };
		047393E72E1658C900E66C37 /* Poppins-Italic.ttf in Resources */ = {isa = PBXBuildFile; fileRef = 047393CE2E1658C900E66C37 /* Poppins-Italic.ttf */; };
		047393E82E1658C900E66C37 /* Poppins-Light.ttf in Resources */ = {isa = PBXBuildFile; fileRef = 047393CF2E1658C900E66C37 /* Poppins-Light.ttf */; };
		047393E92E1658C900E66C37 /* Poppins-Regular.ttf in Resources */ = {isa = PBXBuildFile; fileRef = 047393D32E1658C900E66C37 /* Poppins-Regular.ttf */; };
/* End PBXBuildFile section */

/* Begin PBXContainerItemProxy section */
		047CE3882E14FBF90021B240 /* PBXContainerItemProxy */ = {
			isa = PBXContainerItemProxy;
			containerPortal = 047CE36F2E14FBF80021B240 /* Project object */;
			proxyType = 1;
			remoteGlobalIDString = 047CE3762E14FBF80021B240;
			remoteInfo = Majira;
		};
		047CE3922E14FBF90021B240 /* PBXContainerItemProxy */ = {
			isa = PBXContainerItemProxy;
			containerPortal = 047CE36F2E14FBF80021B240 /* Project object */;
			proxyType = 1;
			remoteGlobalIDString = 047CE3762E14FBF80021B240;
			remoteInfo = Majira;
		};
/* End PBXContainerItemProxy section */

/* Begin PBXFileReference section */
		047393C62E1658C900E66C37 /* Poppins-Black.ttf */ = {isa = PBXFileReference; lastKnownFileType = file; path = "Poppins-Black.ttf"; sourceTree = "<group>"; };
		047393C72E1658C900E66C37 /* Poppins-BlackItalic.ttf */ = {isa = PBXFileReference; lastKnownFileType = file; path = "Poppins-BlackItalic.ttf"; sourceTree = "<group>"; };
		047393C82E1658C900E66C37 /* Poppins-Bold.ttf */ = {isa = PBXFileReference; lastKnownFileType = file; path = "Poppins-Bold.ttf"; sourceTree = "<group>"; };
		047393C92E1658C900E66C37 /* Poppins-BoldItalic.ttf */ = {isa = PBXFileReference; lastKnownFileType = file; path = "Poppins-BoldItalic.ttf"; sourceTree = "<group>"; };
		047393CA2E1658C900E66C37 /* Poppins-ExtraBold.ttf */ = {isa = PBXFileReference; lastKnownFileType = file; path = "Poppins-ExtraBold.ttf"; sourceTree = "<group>"; };
		047393CB2E1658C900E66C37 /* Poppins-ExtraBoldItalic.ttf */ = {isa = PBXFileReference; lastKnownFileType = file; path = "Poppins-ExtraBoldItalic.ttf"; sourceTree = "<group>"; };
		047393CC2E1658C900E66C37 /* Poppins-ExtraLight.ttf */ = {isa = PBXFileReference; lastKnownFileType = file; path = "Poppins-ExtraLight.ttf"; sourceTree = "<group>"; };
		047393CD2E1658C900E66C37 /* Poppins-ExtraLightItalic.ttf */ = {isa = PBXFileReference; lastKnownFileType = file; path = "Poppins-ExtraLightItalic.ttf"; sourceTree = "<group>"; };
		047393CE2E1658C900E66C37 /* Poppins-Italic.ttf */ = {isa = PBXFileReference; lastKnownFileType = file; path = "Poppins-Italic.ttf"; sourceTree = "<group>"; };
		047393CF2E1658C900E66C37 /* Poppins-Light.ttf */ = {isa = PBXFileReference; lastKnownFileType = file; path = "Poppins-Light.ttf"; sourceTree = "<group>"; };
		047393D02E1658C900E66C37 /* Poppins-LightItalic.ttf */ = {isa = PBXFileReference; lastKnownFileType = file; path = "Poppins-LightItalic.ttf"; sourceTree = "<group>"; };
		047393D12E1658C900E66C37 /* Poppins-Medium.ttf */ = {isa = PBXFileReference; lastKnownFileType = file; path = "Poppins-Medium.ttf"; sourceTree = "<group>"; };
		047393D22E1658C900E66C37 /* Poppins-MediumItalic.ttf */ = {isa = PBXFileReference; lastKnownFileType = file; path = "Poppins-MediumItalic.ttf"; sourceTree = "<group>"; };
		047393D32E1658C900E66C37 /* Poppins-Regular.ttf */ = {isa = PBXFileReference; lastKnownFileType = file; path = "Poppins-Regular.ttf"; sourceTree = "<group>"; };
		047393D42E1658C900E66C37 /* Poppins-SemiBold.ttf */ = {isa = PBXFileReference; lastKnownFileType = file; path = "Poppins-SemiBold.ttf"; sourceTree = "<group>"; };
		047393D52E1658C900E66C37 /* Poppins-SemiBoldItalic.ttf */ = {isa = PBXFileReference; lastKnownFileType = file; path = "Poppins-SemiBoldItalic.ttf"; sourceTree = "<group>"; };
		047393D62E1658C900E66C37 /* Poppins-Thin.ttf */ = {isa = PBXFileReference; lastKnownFileType = file; path = "Poppins-Thin.ttf"; sourceTree = "<group>"; };
		047393D72E1658C900E66C37 /* Poppins-ThinItalic.ttf */ = {isa = PBXFileReference; lastKnownFileType = file; path = "Poppins-ThinItalic.ttf"; sourceTree = "<group>"; };
		047CE3772E14FBF80021B240 /* Majira.app */ = {isa = PBXFileReference; explicitFileType = wrapper.application; includeInIndex = 0; path = Majira.app; sourceTree = BUILT_PRODUCTS_DIR; };
		047CE3872E14FBF90021B240 /* MajiraTests.xctest */ = {isa = PBXFileReference; explicitFileType = wrapper.cfbundle; includeInIndex = 0; path = MajiraTests.xctest; sourceTree = BUILT_PRODUCTS_DIR; };
		047CE3912E14FBF90021B240 /* MajiraUITests.xctest */ = {isa = PBXFileReference; explicitFileType = wrapper.cfbundle; includeInIndex = 0; path = MajiraUITests.xctest; sourceTree = BUILT_PRODUCTS_DIR; };
/* End PBXFileReference section */

/* Begin PBXFileSystemSynchronizedBuildFileExceptionSet section */
		047393EB2E16591700E66C37 /* Exceptions for "Majira" folder in "Majira" target */ = {
			isa = PBXFileSystemSynchronizedBuildFileExceptionSet;
			membershipExceptions = (
				Info.plist,
			);
			target = 047CE3762E14FBF80021B240 /* Majira */;
		};
/* End PBXFileSystemSynchronizedBuildFileExceptionSet section */

/* Begin PBXFileSystemSynchronizedRootGroup section */
		047CE3792E14FBF80021B240 /* Majira */ = {
			isa = PBXFileSystemSynchronizedRootGroup;
			exceptions = (
				047393EB2E16591700E66C37 /* Exceptions for "Majira" folder in "Majira" target */,
			);
			path = Majira;
			sourceTree = "<group>";
		};
		047CE38A2E14FBF90021B240 /* MajiraTests */ = {
			isa = PBXFileSystemSynchronizedRootGroup;
			path = MajiraTests;
			sourceTree = "<group>";
		};
		047CE3942E14FBF90021B240 /* MajiraUITests */ = {
			isa = PBXFileSystemSynchronizedRootGroup;
			path = MajiraUITests;
			sourceTree = "<group>";
		};
/* End PBXFileSystemSynchronizedRootGroup section */

/* Begin PBXFrameworksBuildPhase section */
		047CE3742E14FBF80021B240 /* Frameworks */ = {
			isa = PBXFrameworksBuildPhase;
			buildActionMask = 2147483647;
			files = (
			);
			runOnlyForDeploymentPostprocessing = 0;
		};
		047CE3842E14FBF90021B240 /* Frameworks */ = {
			isa = PBXFrameworksBuildPhase;
			buildActionMask = 2147483647;
			files = (
			);
			runOnlyForDeploymentPostprocessing = 0;
		};
		047CE38E2E14FBF90021B240 /* Frameworks */ = {
			isa = PBXFrameworksBuildPhase;
			buildActionMask = 2147483647;
			files = (
			);
			runOnlyForDeploymentPostprocessing = 0;
		};
/* End PBXFrameworksBuildPhase section */

/* Begin PBXGroup section */
		047CE36E2E14FBF80021B240 = {
			isa = PBXGroup;
			children = (
				047CE3792E14FBF80021B240 /* Majira */,
				047CE38A2E14FBF90021B240 /* MajiraTests */,
				047CE3942E14FBF90021B240 /* MajiraUITests */,
				047CE3782E14FBF80021B240 /* Products */,
				047393C62E1658C900E66C37 /* Poppins-Black.ttf */,
				047393C72E1658C900E66C37 /* Poppins-BlackItalic.ttf */,
				047393C82E1658C900E66C37 /* Poppins-Bold.ttf */,
				047393C92E1658C900E66C37 /* Poppins-BoldItalic.ttf */,
				047393CA2E1658C900E66C37 /* Poppins-ExtraBold.ttf */,
				047393CB2E1658C900E66C37 /* Poppins-ExtraBoldItalic.ttf */,
				047393CC2E1658C900E66C37 /* Poppins-ExtraLight.ttf */,
				047393CD2E1658C900E66C37 /* Poppins-ExtraLightItalic.ttf */,
				047393CE2E1658C900E66C37 /* Poppins-Italic.ttf */,
				047393CF2E1658C900E66C37 /* Poppins-Light.ttf */,
				047393D02E1658C900E66C37 /* Poppins-LightItalic.ttf */,
				047393D12E1658C900E66C37 /* Poppins-Medium.ttf */,
				047393D22E1658C900E66C37 /* Poppins-MediumItalic.ttf */,
				047393D32E1658C900E66C37 /* Poppins-Regular.ttf */,
				047393D42E1658C900E66C37 /* Poppins-SemiBold.ttf */,
				047393D52E1658C900E66C37 /* Poppins-SemiBoldItalic.ttf */,
				047393D62E1658C900E66C37 /* Poppins-Thin.ttf */,
				047393D72E1658C900E66C37 /* Poppins-ThinItalic.ttf */,
			);
			sourceTree = "<group>";
		};
		047CE3782E14FBF80021B240 /* Products */ = {
			isa = PBXGroup;
			children = (
				047CE3772E14FBF80021B240 /* Majira.app */,
				047CE3872E14FBF90021B240 /* MajiraTests.xctest */,
				047CE3912E14FBF90021B240 /* MajiraUITests.xctest */,
			);
			name = Products;
			sourceTree = "<group>";
		};
/* End PBXGroup section */

/* Begin PBXNativeTarget section */
		047CE3762E14FBF80021B240 /* Majira */ = {
			isa = PBXNativeTarget;
			buildConfigurationList = 047CE39B2E14FBF90021B240 /* Build configuration list for PBXNativeTarget "Majira" */;
			buildPhases = (
				047CE3732E14FBF80021B240 /* Sources */,
				047CE3742E14FBF80021B240 /* Frameworks */,
				047CE3752E14FBF80021B240 /* Resources */,
			);
			buildRules = (
			);
			dependencies = (
			);
			fileSystemSynchronizedGroups = (
				047CE3792E14FBF80021B240 /* Majira */,
			);
			name = Majira;
			packageProductDependencies = (
			);
			productName = Majira;
			productReference = 047CE3772E14FBF80021B240 /* Majira.app */;
			productType = "com.apple.product-type.application";
		};
		047CE3862E14FBF90021B240 /* MajiraTests */ = {
			isa = PBXNativeTarget;
			buildConfigurationList = 047CE39E2E14FBF90021B240 /* Build configuration list for PBXNativeTarget "MajiraTests" */;
			buildPhases = (
				047CE3832E14FBF90021B240 /* Sources */,
				047CE3842E14FBF90021B240 /* Frameworks */,
				047CE3852E14FBF90021B240 /* Resources */,
			);
			buildRules = (
			);
			dependencies = (
				047CE3892E14FBF90021B240 /* PBXTargetDependency */,
			);
			fileSystemSynchronizedGroups = (
				047CE38A2E14FBF90021B240 /* MajiraTests */,
			);
			name = MajiraTests;
			packageProductDependencies = (
			);
			productName = MajiraTests;
			productReference = 047CE3872E14FBF90021B240 /* MajiraTests.xctest */;
			productType = "com.apple.product-type.bundle.unit-test";
		};
		047CE3902E14FBF90021B240 /* MajiraUITests */ = {
			isa = PBXNativeTarget;
			buildConfigurationList = 047CE3A12E14FBF90021B240 /* Build configuration list for PBXNativeTarget "MajiraUITests" */;
			buildPhases = (
				047CE38D2E14FBF90021B240 /* Sources */,
				047CE38E2E14FBF90021B240 /* Frameworks */,
				047CE38F2E14FBF90021B240 /* Resources */,
			);
			buildRules = (
			);
			dependencies = (
				047CE3932E14FBF90021B240 /* PBXTargetDependency */,
			);
			fileSystemSynchronizedGroups = (
				047CE3942E14FBF90021B240 /* MajiraUITests */,
			);
			name = MajiraUITests;
			packageProductDependencies = (
			);
			productName = MajiraUITests;
			productReference = 047CE3912E14FBF90021B240 /* MajiraUITests.xctest */;
			productType = "com.apple.product-type.bundle.ui-testing";
		};
/* End PBXNativeTarget section */

/* Begin PBXProject section */
		047CE36F2E14FBF80021B240 /* Project object */ = {
			isa = PBXProject;
			attributes = {
				BuildIndependentTargetsInParallel = 1;
				LastSwiftUpdateCheck = 1620;
				LastUpgradeCheck = 1620;
				TargetAttributes = {
					047CE3762E14FBF80021B240 = {
						CreatedOnToolsVersion = 16.2;
					};
					047CE3862E14FBF90021B240 = {
						CreatedOnToolsVersion = 16.2;
						TestTargetID = 047CE3762E14FBF80021B240;
					};
					047CE3902E14FBF90021B240 = {
						CreatedOnToolsVersion = 16.2;
						TestTargetID = 047CE3762E14FBF80021B240;
					};
				};
			};
			buildConfigurationList = 047CE3722E14FBF80021B240 /* Build configuration list for PBXProject "Majira" */;
			developmentRegion = en;
			hasScannedForEncodings = 0;
			knownRegions = (
				en,
				Base,
			);
			mainGroup = 047CE36E2E14FBF80021B240;
			minimizedProjectReferenceProxies = 1;
			preferredProjectObjectVersion = 77;
			productRefGroup = 047CE3782E14FBF80021B240 /* Products */;
			projectDirPath = "";
			projectRoot = "";
			targets = (
				047CE3762E14FBF80021B240 /* Majira */,
				047CE3862E14FBF90021B240 /* MajiraTests */,
				047CE3902E14FBF90021B240 /* MajiraUITests */,
			);
		};
/* End PBXProject section */

/* Begin PBXResourcesBuildPhase section */
		047CE3752E14FBF80021B240 /* Resources */ = {
			isa = PBXResourcesBuildPhase;
			buildActionMask = 2147483647;
			files = (
				047393D82E1658C900E66C37 /* Poppins-Black.ttf in Resources */,
				047393D92E1658C900E66C37 /* Poppins-LightItalic.ttf in Resources */,
				047393DA2E1658C900E66C37 /* Poppins-ExtraBoldItalic.ttf in Resources */,
				047393DB2E1658C900E66C37 /* Poppins-ExtraBold.ttf in Resources */,
				047393DC2E1658C900E66C37 /* Poppins-BlackItalic.ttf in Resources */,
				047393DD2E1658C900E66C37 /* Poppins-ExtraLight.ttf in Resources */,
				047393DE2E1658C900E66C37 /* Poppins-SemiBoldItalic.ttf in Resources */,
				047393DF2E1658C900E66C37 /* Poppins-ExtraLightItalic.ttf in Resources */,
				047393E02E1658C900E66C37 /* Poppins-Medium.ttf in Resources */,
				047393E12E1658C900E66C37 /* Poppins-MediumItalic.ttf in Resources */,
				047393E22E1658C900E66C37 /* Poppins-SemiBold.ttf in Resources */,
				047393E32E1658C900E66C37 /* Poppins-Thin.ttf in Resources */,
				047393E42E1658C900E66C37 /* Poppins-ThinItalic.ttf in Resources */,
				047393E52E1658C900E66C37 /* Poppins-Bold.ttf in Resources */,
				047393E62E1658C900E66C37 /* Poppins-BoldItalic.ttf in Resources */,
				047393E72E1658C900E66C37 /* Poppins-Italic.ttf in Resources */,
				047393E82E1658C900E66C37 /* Poppins-Light.ttf in Resources */,
				047393E92E1658C900E66C37 /* Poppins-Regular.ttf in Resources */,
			);
			runOnlyForDeploymentPostprocessing = 0;
		};
		047CE3852E14FBF90021B240 /* Resources */ = {
			isa = PBXResourcesBuildPhase;
			buildActionMask = 2147483647;
			files = (
			);
			runOnlyForDeploymentPostprocessing = 0;
		};
		047CE38F2E14FBF90021B240 /* Resources */ = {
			isa = PBXResourcesBuildPhase;
			buildActionMask = 2147483647;
			files = (
			);
			runOnlyForDeploymentPostprocessing = 0;
		};
/* End PBXResourcesBuildPhase section */

/* Begin PBXSourcesBuildPhase section */
		047CE3732E14FBF80021B240 /* Sources */ = {
			isa = PBXSourcesBuildPhase;
			buildActionMask = 2147483647;
			files = (
			);
			runOnlyForDeploymentPostprocessing = 0;
		};
		047CE3832E14FBF90021B240 /* Sources */ = {
			isa = PBXSourcesBuildPhase;
			buildActionMask = 2147483647;
			files = (
			);
			runOnlyForDeploymentPostprocessing = 0;
		};
		047CE38D2E14FBF90021B240 /* Sources */ = {
			isa = PBXSourcesBuildPhase;
			buildActionMask = 2147483647;
			files = (
			);
			runOnlyForDeploymentPostprocessing = 0;
		};
/* End PBXSourcesBuildPhase section */

/* Begin PBXTargetDependency section */
		047CE3892E14FBF90021B240 /* PBXTargetDependency */ = {
			isa = PBXTargetDependency;
			target = 047CE3762E14FBF80021B240 /* Majira */;
			targetProxy = 047CE3882E14FBF90021B240 /* PBXContainerItemProxy */;
		};
		047CE3932E14FBF90021B240 /* PBXTargetDependency */ = {
			isa = PBXTargetDependency;
			target = 047CE3762E14FBF80021B240 /* Majira */;
			targetProxy = 047CE3922E14FBF90021B240 /* PBXContainerItemProxy */;
		};
/* End PBXTargetDependency section */

/* Begin XCBuildConfiguration section */
		047CE3992E14FBF90021B240 /* Debug */ = {
			isa = XCBuildConfiguration;
			buildSettings = {
				ALWAYS_SEARCH_USER_PATHS = NO;
				ASSETCATALOG_COMPILER_GENERATE_SWIFT_ASSET_SYMBOL_EXTENSIONS = YES;
				CLANG_ANALYZER_NONNULL = YES;
				CLANG_ANALYZER_NUMBER_OBJECT_CONVERSION = YES_AGGRESSIVE;
				CLANG_CXX_LANGUAGE_STANDARD = "gnu++20";
				CLANG_ENABLE_MODULES = YES;
				CLANG_ENABLE_OBJC_ARC = YES;
				CLANG_ENABLE_OBJC_WEAK = YES;
				CLANG_WARN_BLOCK_CAPTURE_AUTORELEASING = YES;
				CLANG_WARN_BOOL_CONVERSION = YES;
				CLANG_WARN_COMMA = YES;
				CLANG_WARN_CONSTANT_CONVERSION = YES;
				CLANG_WARN_DEPRECATED_OBJC_IMPLEMENTATIONS = YES;
				CLANG_WARN_DIRECT_OBJC_ISA_USAGE = YES_ERROR;
				CLANG_WARN_DOCUMENTATION_COMMENTS = YES;
				CLANG_WARN_EMPTY_BODY = YES;
				CLANG_WARN_ENUM_CONVERSION = YES;
				CLANG_WARN_INFINITE_RECURSION = YES;
				CLANG_WARN_INT_CONVERSION = YES;
				CLANG_WARN_NON_LITERAL_NULL_CONVERSION = YES;
				CLANG_WARN_OBJC_IMPLICIT_RETAIN_SELF = YES;
				CLANG_WARN_OBJC_LITERAL_CONVERSION = YES;
				CLANG_WARN_OBJC_ROOT_CLASS = YES_ERROR;
				CLANG_WARN_QUOTED_INCLUDE_IN_FRAMEWORK_HEADER = YES;
				CLANG_WARN_RANGE_LOOP_ANALYSIS = YES;
				CLANG_WARN_STRICT_PROTOTYPES = YES;
				CLANG_WARN_SUSPICIOUS_MOVE = YES;
				CLANG_WARN_UNGUARDED_AVAILABILITY = YES_AGGRESSIVE;
				CLANG_WARN_UNREACHABLE_CODE = YES;
				CLANG_WARN__DUPLICATE_METHOD_MATCH = YES;
				COPY_PHASE_STRIP = NO;
				DEBUG_INFORMATION_FORMAT = dwarf;
				ENABLE_STRICT_OBJC_MSGSEND = YES;
				ENABLE_TESTABILITY = YES;
				ENABLE_USER_SCRIPT_SANDBOXING = YES;
				GCC_C_LANGUAGE_STANDARD = gnu17;
				GCC_DYNAMIC_NO_PIC = NO;
				GCC_NO_COMMON_BLOCKS = YES;
				GCC_OPTIMIZATION_LEVEL = 0;
				GCC_PREPROCESSOR_DEFINITIONS = (
					"DEBUG=1",
					"$(inherited)",
				);
				GCC_WARN_64_TO_32_BIT_CONVERSION = YES;
				GCC_WARN_ABOUT_RETURN_TYPE = YES_ERROR;
				GCC_WARN_UNDECLARED_SELECTOR = YES;
				GCC_WARN_UNINITIALIZED_AUTOS = YES_AGGRESSIVE;
				GCC_WARN_UNUSED_FUNCTION = YES;
				GCC_WARN_UNUSED_VARIABLE = YES;
				IPHONEOS_DEPLOYMENT_TARGET = 18.2;
				LOCALIZATION_PREFERS_STRING_CATALOGS = YES;
				MTL_ENABLE_DEBUG_INFO = INCLUDE_SOURCE;
				MTL_FAST_MATH = YES;
				ONLY_ACTIVE_ARCH = YES;
				SDKROOT = iphoneos;
				SWIFT_ACTIVE_COMPILATION_CONDITIONS = "DEBUG $(inherited)";
				SWIFT_OPTIMIZATION_LEVEL = "-Onone";
			};
			name = Debug;
		};
		047CE39A2E14FBF90021B240 /* Release */ = {
			isa = XCBuildConfiguration;
			buildSettings = {
				ALWAYS_SEARCH_USER_PATHS = NO;
				ASSETCATALOG_COMPILER_GENERATE_SWIFT_ASSET_SYMBOL_EXTENSIONS = YES;
				CLANG_ANALYZER_NONNULL = YES;
				CLANG_ANALYZER_NUMBER_OBJECT_CONVERSION = YES_AGGRESSIVE;
				CLANG_CXX_LANGUAGE_STANDARD = "gnu++20";
				CLANG_ENABLE_MODULES = YES;
				CLANG_ENABLE_OBJC_ARC = YES;
				CLANG_ENABLE_OBJC_WEAK = YES;
				CLANG_WARN_BLOCK_CAPTURE_AUTORELEASING = YES;
				CLANG_WARN_BOOL_CONVERSION = YES;
				CLANG_WARN_COMMA = YES;
				CLANG_WARN_CONSTANT_CONVERSION = YES;
				CLANG_WARN_DEPRECATED_OBJC_IMPLEMENTATIONS = YES;
				CLANG_WARN_DIRECT_OBJC_ISA_USAGE = YES_ERROR;
				CLANG_WARN_DOCUMENTATION_COMMENTS = YES;
				CLANG_WARN_EMPTY_BODY = YES;
				CLANG_WARN_ENUM_CONVERSION = YES;
				CLANG_WARN_INFINITE_RECURSION = YES;
				CLANG_WARN_INT_CONVERSION = YES;
				CLANG_WARN_NON_LITERAL_NULL_CONVERSION = YES;
				CLANG_WARN_OBJC_IMPLICIT_RETAIN_SELF = YES;
				CLANG_WARN_OBJC_LITERAL_CONVERSION = YES;
				CLANG_WARN_OBJC_ROOT_CLASS = YES_ERROR;
				CLANG_WARN_QUOTED_INCLUDE_IN_FRAMEWORK_HEADER = YES;
				CLANG_WARN_RANGE_LOOP_ANALYSIS = YES;
				CLANG_WARN_STRICT_PROTOTYPES = YES;
				CLANG_WARN_SUSPICIOUS_MOVE = YES;
				CLANG_WARN_UNGUARDED_AVAILABILITY = YES_AGGRESSIVE;
				CLANG_WARN_UNREACHABLE_CODE = YES;
				CLANG_WARN__DUPLICATE_METHOD_MATCH = YES;
				COPY_PHASE_STRIP = NO;
				DEBUG_INFORMATION_FORMAT = "dwarf-with-dsym";
				ENABLE_NS_ASSERTIONS = NO;
				ENABLE_STRICT_OBJC_MSGSEND = YES;
				ENABLE_USER_SCRIPT_SANDBOXING = YES;
				GCC_C_LANGUAGE_STANDARD = gnu17;
				GCC_NO_COMMON_BLOCKS = YES;
				GCC_WARN_64_TO_32_BIT_CONVERSION = YES;
				GCC_WARN_ABOUT_RETURN_TYPE = YES_ERROR;
				GCC_WARN_UNDECLARED_SELECTOR = YES;
				GCC_WARN_UNINITIALIZED_AUTOS = YES_AGGRESSIVE;
				GCC_WARN_UNUSED_FUNCTION = YES;
				GCC_WARN_UNUSED_VARIABLE = YES;
				IPHONEOS_DEPLOYMENT_TARGET = 18.2;
				LOCALIZATION_PREFERS_STRING_CATALOGS = YES;
				MTL_ENABLE_DEBUG_INFO = NO;
				MTL_FAST_MATH = YES;
				SDKROOT = iphoneos;
				SWIFT_COMPILATION_MODE = wholemodule;
				VALIDATE_PRODUCT = YES;
			};
			name = Release;
		};
		047CE39C2E14FBF90021B240 /* Debug */ = {
			isa = XCBuildConfiguration;
			buildSettings = {
				ASSETCATALOG_COMPILER_APPICON_NAME = AppIcon;
				ASSETCATALOG_COMPILER_GLOBAL_ACCENT_COLOR_NAME = AccentColor;
				CODE_SIGN_STYLE = Automatic;
				CURRENT_PROJECT_VERSION = 1;
				DEVELOPMENT_ASSET_PATHS = "\"Majira/Preview Content\"";
				DEVELOPMENT_TEAM = 89SKCJ295N;
				ENABLE_PREVIEWS = YES;
				GENERATE_INFOPLIST_FILE = YES;
				INFOPLIST_FILE = Majira/Info.plist;
				INFOPLIST_KEY_UIApplicationSceneManifest_Generation = YES;
				INFOPLIST_KEY_UIApplicationSupportsIndirectInputEvents = YES;
				INFOPLIST_KEY_UILaunchScreen_Generation = YES;
				INFOPLIST_KEY_UISupportedInterfaceOrientations_iPad = "UIInterfaceOrientationPortrait UIInterfaceOrientationPortraitUpsideDown UIInterfaceOrientationLandscapeLeft UIInterfaceOrientationLandscapeRight";
				INFOPLIST_KEY_UISupportedInterfaceOrientations_iPhone = "UIInterfaceOrientationPortrait UIInterfaceOrientationLandscapeLeft UIInterfaceOrientationLandscapeRight";
				LD_RUNPATH_SEARCH_PATHS = (
					"$(inherited)",
					"@executable_path/Frameworks",
				);
				MARKETING_VERSION = 1.0;
				PRODUCT_BUNDLE_IDENTIFIER = com.brandyodhiambo.Majira;
				PRODUCT_NAME = "$(TARGET_NAME)";
				SWIFT_EMIT_LOC_STRINGS = YES;
				SWIFT_VERSION = 5.0;
				TARGETED_DEVICE_FAMILY = "1,2";
			};
			name = Debug;
		};
		047CE39D2E14FBF90021B240 /* Release */ = {
			isa = XCBuildConfiguration;
			buildSettings = {
				ASSETCATALOG_COMPILER_APPICON_NAME = AppIcon;
				ASSETCATALOG_COMPILER_GLOBAL_ACCENT_COLOR_NAME = AccentColor;
				CODE_SIGN_STYLE = Automatic;
				CURRENT_PROJECT_VERSION = 1;
				DEVELOPMENT_ASSET_PATHS = "\"Majira/Preview Content\"";
				DEVELOPMENT_TEAM = 89SKCJ295N;
				ENABLE_PREVIEWS = YES;
				GENERATE_INFOPLIST_FILE = YES;
				INFOPLIST_FILE = Majira/Info.plist;
				INFOPLIST_KEY_UIApplicationSceneManifest_Generation = YES;
				INFOPLIST_KEY_UIApplicationSupportsIndirectInputEvents = YES;
				INFOPLIST_KEY_UILaunchScreen_Generation = YES;
				INFOPLIST_KEY_UISupportedInterfaceOrientations_iPad = "UIInterfaceOrientationPortrait UIInterfaceOrientationPortraitUpsideDown UIInterfaceOrientationLandscapeLeft UIInterfaceOrientationLandscapeRight";
				INFOPLIST_KEY_UISupportedInterfaceOrientations_iPhone = "UIInterfaceOrientationPortrait UIInterfaceOrientationLandscapeLeft UIInterfaceOrientationLandscapeRight";
				LD_RUNPATH_SEARCH_PATHS = (
					"$(inherited)",
					"@executable_path/Frameworks",
				);
				MARKETING_VERSION = 1.0;
				PRODUCT_BUNDLE_IDENTIFIER = com.brandyodhiambo.Majira;
				PRODUCT_NAME = "$(TARGET_NAME)";
				SWIFT_EMIT_LOC_STRINGS = YES;
				SWIFT_VERSION = 5.0;
				TARGETED_DEVICE_FAMILY = "1,2";
			};
			name = Release;
		};
		047CE39F2E14FBF90021B240 /* Debug */ = {
			isa = XCBuildConfiguration;
			buildSettings = {
				BUNDLE_LOADER = "$(TEST_HOST)";
				CODE_SIGN_STYLE = Automatic;
				CURRENT_PROJECT_VERSION = 1;
				DEVELOPMENT_TEAM = 89SKCJ295N;
				GENERATE_INFOPLIST_FILE = YES;
				IPHONEOS_DEPLOYMENT_TARGET = 18.2;
				MARKETING_VERSION = 1.0;
				PRODUCT_BUNDLE_IDENTIFIER = com.brandyodhiambo.MajiraTests;
				PRODUCT_NAME = "$(TARGET_NAME)";
				SWIFT_EMIT_LOC_STRINGS = NO;
				SWIFT_VERSION = 5.0;
				TARGETED_DEVICE_FAMILY = "1,2";
				TEST_HOST = "$(BUILT_PRODUCTS_DIR)/Majira.app/$(BUNDLE_EXECUTABLE_FOLDER_PATH)/Majira";
			};
			name = Debug;
		};
		047CE3A02E14FBF90021B240 /* Release */ = {
			isa = XCBuildConfiguration;
			buildSettings = {
				BUNDLE_LOADER = "$(TEST_HOST)";
				CODE_SIGN_STYLE = Automatic;
				CURRENT_PROJECT_VERSION = 1;
				DEVELOPMENT_TEAM = 89SKCJ295N;
				GENERATE_INFOPLIST_FILE = YES;
				IPHONEOS_DEPLOYMENT_TARGET = 18.2;
				MARKETING_VERSION = 1.0;
				PRODUCT_BUNDLE_IDENTIFIER = com.brandyodhiambo.MajiraTests;
				PRODUCT_NAME = "$(TARGET_NAME)";
				SWIFT_EMIT_LOC_STRINGS = NO;
				SWIFT_VERSION = 5.0;
				TARGETED_DEVICE_FAMILY = "1,2";
				TEST_HOST = "$(BUILT_PRODUCTS_DIR)/Majira.app/$(BUNDLE_EXECUTABLE_FOLDER_PATH)/Majira";
			};
			name = Release;
		};
		047CE3A22E14FBF90021B240 /* Debug */ = {
			isa = XCBuildConfiguration;
			buildSettings = {
				CODE_SIGN_STYLE = Automatic;
				CURRENT_PROJECT_VERSION = 1;
				DEVELOPMENT_TEAM = 89SKCJ295N;
				GENERATE_INFOPLIST_FILE = YES;
				MARKETING_VERSION = 1.0;
				PRODUCT_BUNDLE_IDENTIFIER = com.brandyodhiambo.MajiraUITests;
				PRODUCT_NAME = "$(TARGET_NAME)";
				SWIFT_EMIT_LOC_STRINGS = NO;
				SWIFT_VERSION = 5.0;
				TARGETED_DEVICE_FAMILY = "1,2";
				TEST_TARGET_NAME = Majira;
			};
			name = Debug;
		};
		047CE3A32E14FBF90021B240 /* Release */ = {
			isa = XCBuildConfiguration;
			buildSettings = {
				CODE_SIGN_STYLE = Automatic;
				CURRENT_PROJECT_VERSION = 1;
				DEVELOPMENT_TEAM = 89SKCJ295N;
				GENERATE_INFOPLIST_FILE = YES;
				MARKETING_VERSION = 1.0;
				PRODUCT_BUNDLE_IDENTIFIER = com.brandyodhiambo.MajiraUITests;
				PRODUCT_NAME = "$(TARGET_NAME)";
				SWIFT_EMIT_LOC_STRINGS = NO;
				SWIFT_VERSION = 5.0;
				TARGETED_DEVICE_FAMILY = "1,2";
				TEST_TARGET_NAME = Majira;
			};
			name = Release;
		};
/* End XCBuildConfiguration section */

/* Begin XCConfigurationList section */
		047CE3722E14FBF80021B240 /* Build configuration list for PBXProject "Majira" */ = {
			isa = XCConfigurationList;
			buildConfigurations = (
				047CE3992E14FBF90021B240 /* Debug */,
				047CE39A2E14FBF90021B240 /* Release */,
			);
			defaultConfigurationIsVisible = 0;
			defaultConfigurationName = Release;
		};
		047CE39B2E14FBF90021B240 /* Build configuration list for PBXNativeTarget "Majira" */ = {
			isa = XCConfigurationList;
			buildConfigurations = (
				047CE39C2E14FBF90021B240 /* Debug */,
				047CE39D2E14FBF90021B240 /* Release */,
			);
			defaultConfigurationIsVisible = 0;
			defaultConfigurationName = Release;
		};
		047CE39E2E14FBF90021B240 /* Build configuration list for PBXNativeTarget "MajiraTests" */ = {
			isa = XCConfigurationList;
			buildConfigurations = (
				047CE39F2E14FBF90021B240 /* Debug */,
				047CE3A02E14FBF90021B240 /* Release */,
			);
			defaultConfigurationIsVisible = 0;
			defaultConfigurationName = Release;
		};
		047CE3A12E14FBF90021B240 /* Build configuration list for PBXNativeTarget "MajiraUITests" */ = {
			isa = XCConfigurationList;
			buildConfigurations = (
				047CE3A22E14FBF90021B240 /* Debug */,
				047CE3A32E14FBF90021B240 /* Release */,
			);
			defaultConfigurationIsVisible = 0;
			defaultConfigurationName = Release;
		};
/* End XCConfigurationList section */
	};
	rootObject = 047CE36F2E14FBF80021B240 /* Project object */;
}
